hash: 99cf7b6acc2004b39ae457099e4e2f5b21ff6759a750c5f6af2d0b3f903d13fc
updated: 2018-05-24T12:04:50.109086+03:00
imports:
- name: github.com/golang-migrate/migrate
  version: 22f249514de9aa3f8a720a7cabbdd45d294f83a1
  subpackages:
  - database
  - database/postgres
  - source
  - source/file
- name: github.com/gorilla/mux
  version: e3702bed27f0d39777b0b37b664b6280e8ef8fbf
- name: github.com/lib/pq
  version: 0677bdde3e15a69060c33fac24fd53044b4694b8
  subpackages:
  - oid
testImports: []
